// !$*UTF8*$!
{
	archiveVersion = 1;
	classes = {
	};
	objectVersion = 77;
	objects = {

/* Begin PBXContainerItemProxy section */
		84E00A8A2D0B26520033CB20 /* PBXContainerItemProxy */ = {
			isa = PBXContainerItemProxy;
			containerPortal = 84E00A702D0B264D0033CB20 /* Project object */;
			proxyType = 1;
			remoteGlobalIDString = 84E00A772D0B264D0033CB20;
			remoteInfo = something;
		};
		84E00A942D0B26520033CB20 /* PBXContainerItemProxy */ = {
			isa = PBXContainerItemProxy;
			containerPortal = 84E00A702D0B264D0033CB20 /* Project object */;
			proxyType = 1;
			remoteGlobalIDString = 84E00A772D0B264D0033CB20;
			remoteInfo = something;
		};
/* End PBXContainerItemProxy section */

/* Begin PBXFileReference section */
		84E00A782D0B264D0033CB20 /* something.app */ = {isa = PBXFileReference; explicitFileType = wrapper.application; includeInIndex = 0; path = something.app; sourceTree = BUILT_PRODUCTS_DIR; };
		84E00A892D0B26520033CB20 /* somethingTests.xctest */ = {isa = PBXFileReference; explicitFileType = wrapper.cfbundle; includeInIndex = 0; path = somethingTests.xctest; sourceTree = BUILT_PRODUCTS_DIR; };
		84E00A932D0B26520033CB20 /* somethingUITests.xctest */ = {isa = PBXFileReference; explicitFileType = wrapper.cfbundle; includeInIndex = 0; path = somethingUITests.xctest; sourceTree = BUILT_PRODUCTS_DIR; };
/* End PBXFileReference section */

/* Begin PBXFileSystemSynchronizedRootGroup section */
		84E00A7A2D0B264D0033CB20 /* something */ = {
			isa = PBXFileSystemSynchronizedRootGroup;
			path = something;
			sourceTree = "<group>";
		};
		84E00A8C2D0B26520033CB20 /* somethingTests */ = {
			isa = PBXFileSystemSynchronizedRootGroup;
			path = somethingTests;
			sourceTree = "<group>";
		};
		84E00A962D0B26520033CB20 /* somethingUITests */ = {
			isa = PBXFileSystemSynchronizedRootGroup;
			path = somethingUITests;
			sourceTree = "<group>";
		};
/* End PBXFileSystemSynchronizedRootGroup section */

/* Begin PBXFrameworksBuildPhase section */
		84E00A752D0B264D0033CB20 /* Frameworks */ = {
			isa = PBXFrameworksBuildPhase;
			buildActionMask = 2147483647;
			files = (
			);
			runOnlyForDeploymentPostprocessing = 0;
		};
		84E00A862D0B26520033CB20 /* Frameworks */ = {
			isa = PBXFrameworksBuildPhase;
			buildActionMask = 2147483647;
			files = (
			);
			runOnlyForDeploymentPostprocessing = 0;
		};
		84E00A902D0B26520033CB20 /* Frameworks */ = {
			isa = PBXFrameworksBuildPhase;
			buildActionMask = 2147483647;
			files = (
			);
			runOnlyForDeploymentPostprocessing = 0;
		};
/* End PBXFrameworksBuildPhase section */

/* Begin PBXGroup section */
		84E00A6F2D0B264D0033CB20 = {
			isa = PBXGroup;
			children = (
				84E00A7A2D0B264D0033CB20 /* something */,
				84E00A8C2D0B26520033CB20 /* somethingTests */,
				84E00A962D0B26520033CB20 /* somethingUITests */,
				84E00A792D0B264D0033CB20 /* Products */,
			);
			sourceTree = "<group>";
		};
		84E00A792D0B264D0033CB20 /* Products */ = {
			isa = PBXGroup;
			children = (
				84E00A782D0B264D0033CB20 /* something.app */,
				84E00A892D0B26520033CB20 /* somethingTests.xctest */,
				84E00A932D0B26520033CB20 /* somethingUITests.xctest */,
			);
			name = Products;
			sourceTree = "<group>";
		};
/* End PBXGroup section */

/* Begin PBXNativeTarget section */
		84E00A772D0B264D0033CB20 /* something */ = {
			isa = PBXNativeTarget;
			buildConfigurationList = 84E00A9D2D0B26520033CB20 /* Build configuration list for PBXNativeTarget "something" */;
			buildPhases = (
				84E00A742D0B264D0033CB20 /* Sources */,
				84E00A752D0B264D0033CB20 /* Frameworks */,
				84E00A762D0B264D0033CB20 /* Resources */,
			);
			buildRules = (
			);
			dependencies = (
			);
			fileSystemSynchronizedGroups = (
				84E00A7A2D0B264D0033CB20 /* something */,
			);
			name = something;
			packageProductDependencies = (
			);
			productName = something;
			productReference = 84E00A782D0B264D0033CB20 /* something.app */;
			productType = "com.apple.product-type.application";
		};
		84E00A882D0B26520033CB20 /* somethingTests */ = {
			isa = PBXNativeTarget;
			buildConfigurationList = 84E00AA02D0B26520033CB20 /* Build configuration list for PBXNativeTarget "somethingTests" */;
			buildPhases = (
				84E00A852D0B26520033CB20 /* Sources */,
				84E00A862D0B26520033CB20 /* Frameworks */,
				84E00A872D0B26520033CB20 /* Resources */,
			);
			buildRules = (
			);
			dependencies = (
				84E00A8B2D0B26520033CB20 /* PBXTargetDependency */,
			);
			fileSystemSynchronizedGroups = (
				84E00A8C2D0B26520033CB20 /* somethingTests */,
			);
			name = somethingTests;
			packageProductDependencies = (
			);
			productName = somethingTests;
			productReference = 84E00A892D0B26520033CB20 /* somethingTests.xctest */;
			productType = "com.apple.product-type.bundle.unit-test";
		};
		84E00A922D0B26520033CB20 /* somethingUITests */ = {
			isa = PBXNativeTarget;
			buildConfigurationList = 84E00AA32D0B26520033CB20 /* Build configuration list for PBXNativeTarget "somethingUITests" */;
			buildPhases = (
				84E00A8F2D0B26520033CB20 /* Sources */,
				84E00A902D0B26520033CB20 /* Frameworks */,
				84E00A912D0B26520033CB20 /* Resources */,
			);
			buildRules = (
			);
			dependencies = (
				84E00A952D0B26520033CB20 /* PBXTargetDependency */,
			);
			fileSystemSynchronizedGroups = (
				84E00A962D0B26520033CB20 /* somethingUITests */,
			);
			name = somethingUITests;
			packageProductDependencies = (
			);
			productName = somethingUITests;
			productReference = 84E00A932D0B26520033CB20 /* somethingUITests.xctest */;
			productType = "com.apple.product-type.bundle.ui-testing";
		};
/* End PBXNativeTarget section */

/* Begin PBXProject section */
		84E00A702D0B264D0033CB20 /* Project object */ = {
			isa = PBXProject;
			attributes = {
				BuildIndependentTargetsInParallel = 1;
				LastSwiftUpdateCheck = 1610;
				LastUpgradeCheck = 1610;
				TargetAttributes = {
					84E00A772D0B264D0033CB20 = {
						CreatedOnToolsVersion = 16.1;
					};
					84E00A882D0B26520033CB20 = {
						CreatedOnToolsVersion = 16.1;
						TestTargetID = 84E00A772D0B264D0033CB20;
					};
					84E00A922D0B26520033CB20 = {
						CreatedOnToolsVersion = 16.1;
						TestTargetID = 84E00A772D0B264D0033CB20;
					};
				};
			};
			buildConfigurationList = 84E00A732D0B264D0033CB20 /* Build configuration list for PBXProject "something" */;
			developmentRegion = en;
			hasScannedForEncodings = 0;
			knownRegions = (
				en,
				Base,
			);
			mainGroup = 84E00A6F2D0B264D0033CB20;
			minimizedProjectReferenceProxies = 1;
			preferredProjectObjectVersion = 77;
			productRefGroup = 84E00A792D0B264D0033CB20 /* Products */;
			projectDirPath = "";
			projectRoot = "";
			targets = (
				84E00A772D0B264D0033CB20 /* something */,
				84E00A882D0B26520033CB20 /* somethingTests */,
				84E00A922D0B26520033CB20 /* somethingUITests */,
			);
		};
/* End PBXProject section */

/* Begin PBXResourcesBuildPhase section */
		84E00A762D0B264D0033CB20 /* Resources */ = {
			isa = PBXResourcesBuildPhase;
			buildActionMask = 2147483647;
			files = (
			);
			runOnlyForDeploymentPostprocessing = 0;
		};
		84E00A872D0B26520033CB20 /* Resources */ = {
			isa = PBXResourcesBuildPhase;
			buildActionMask = 2147483647;
			files = (
			);
			runOnlyForDeploymentPostprocessing = 0;
		};
		84E00A912D0B26520033CB20 /* Resources */ = {
			isa = PBXResourcesBuildPhase;
			buildActionMask = 2147483647;
			files = (
			);
			runOnlyForDeploymentPostprocessing = 0;
		};
/* End PBXResourcesBuildPhase section */

/* Begin PBXSourcesBuildPhase section */
		84E00A742D0B264D0033CB20 /* Sources */ = {
			isa = PBXSourcesBuildPhase;
			buildActionMask = 2147483647;
			files = (
			);
			runOnlyForDeploymentPostprocessing = 0;
		};
		84E00A852D0B26520033CB20 /* Sources */ = {
			isa = PBXSourcesBuildPhase;
			buildActionMask = 2147483647;
			files = (
			);
			runOnlyForDeploymentPostprocessing = 0;
		};
		84E00A8F2D0B26520033CB20 /* Sources */ = {
			isa = PBXSourcesBuildPhase;
			buildActionMask = 2147483647;
			files = (
			);
			runOnlyForDeploymentPostprocessing = 0;
		};
/* End PBXSourcesBuildPhase section */

/* Begin PBXTargetDependency section */
		84E00A8B2D0B26520033CB20 /* PBXTargetDependency */ = {
			isa = PBXTargetDependency;
			target = 84E00A772D0B264D0033CB20 /* something */;
			targetProxy = 84E00A8A2D0B26520033CB20 /* PBXContainerItemProxy */;
		};
		84E00A952D0B26520033CB20 /* PBXTargetDependency */ = {
			isa = PBXTargetDependency;
			target = 84E00A772D0B264D0033CB20 /* something */;
			targetProxy = 84E00A942D0B26520033CB20 /* PBXContainerItemProxy */;
		};
/* End PBXTargetDependency section */

/* Begin XCBuildConfiguration section */
		84E00A9B2D0B26520033CB20 /* Debug */ = {
			isa = XCBuildConfiguration;
			buildSettings = {
				ALWAYS_SEARCH_USER_PATHS = NO;
				ASSETCATALOG_COMPILER_GENERATE_SWIFT_ASSET_SYMBOL_EXTENSIONS = YES;
				CLANG_ANALYZER_NONNULL = YES;
				CLANG_ANALYZER_NUMBER_OBJECT_CONVERSION = YES_AGGRESSIVE;
				CLANG_CXX_LANGUAGE_STANDARD = "gnu++20";
				CLANG_ENABLE_MODULES = YES;
				CLANG_ENABLE_OBJC_ARC = YES;
				CLANG_ENABLE_OBJC_WEAK = YES;
				CLANG_WARN_BLOCK_CAPTURE_AUTORELEASING = YES;
				CLANG_WARN_BOOL_CONVERSION = YES;
				CLANG_WARN_COMMA = YES;
				CLANG_WARN_CONSTANT_CONVERSION = YES;
				CLANG_WARN_DEPRECATED_OBJC_IMPLEMENTATIONS = YES;
				CLANG_WARN_DIRECT_OBJC_ISA_USAGE = YES_ERROR;
				CLANG_WARN_DOCUMENTATION_COMMENTS = YES;
				CLANG_WARN_EMPTY_BODY = YES;
				CLANG_WARN_ENUM_CONVERSION = YES;
				CLANG_WARN_INFINITE_RECURSION = YES;
				CLANG_WARN_INT_CONVERSION = YES;
				CLANG_WARN_NON_LITERAL_NULL_CONVERSION = YES;
				CLANG_WARN_OBJC_IMPLICIT_RETAIN_SELF = YES;
				CLANG_WARN_OBJC_LITERAL_CONVERSION = YES;
				CLANG_WARN_OBJC_ROOT_CLASS = YES_ERROR;
				CLANG_WARN_QUOTED_INCLUDE_IN_FRAMEWORK_HEADER = YES;
				CLANG_WARN_RANGE_LOOP_ANALYSIS = YES;
				CLANG_WARN_STRICT_PROTOTYPES = YES;
				CLANG_WARN_SUSPICIOUS_MOVE = YES;
				CLANG_WARN_UNGUARDED_AVAILABILITY = YES_AGGRESSIVE;
				CLANG_WARN_UNREACHABLE_CODE = YES;
				CLANG_WARN__DUPLICATE_METHOD_MATCH = YES;
				COPY_PHASE_STRIP = NO;
				DEBUG_INFORMATION_FORMAT = dwarf;
				ENABLE_STRICT_OBJC_MSGSEND = YES;
				ENABLE_TESTABILITY = YES;
				ENABLE_USER_SCRIPT_SANDBOXING = YES;
				GCC_C_LANGUAGE_STANDARD = gnu17;
				GCC_DYNAMIC_NO_PIC = NO;
				GCC_NO_COMMON_BLOCKS = YES;
				GCC_OPTIMIZATION_LEVEL = 0;
				GCC_PREPROCESSOR_DEFINITIONS = (
					"DEBUG=1",
					"$(inherited)",
				);
				GCC_WARN_64_TO_32_BIT_CONVERSION = YES;
				GCC_WARN_ABOUT_RETURN_TYPE = YES_ERROR;
				GCC_WARN_UNDECLARED_SELECTOR = YES;
				GCC_WARN_UNINITIALIZED_AUTOS = YES_AGGRESSIVE;
				GCC_WARN_UNUSED_FUNCTION = YES;
				GCC_WARN_UNUSED_VARIABLE = YES;
				LOCALIZATION_PREFERS_STRING_CATALOGS = YES;
				MACOSX_DEPLOYMENT_TARGET = 15.1;
				MTL_ENABLE_DEBUG_INFO = INCLUDE_SOURCE;
				MTL_FAST_MATH = YES;
				ONLY_ACTIVE_ARCH = YES;
				SDKROOT = macosx;
				SWIFT_ACTIVE_COMPILATION_CONDITIONS = "DEBUG $(inherited)";
				SWIFT_OPTIMIZATION_LEVEL = "-Onone";
			};
			name = Debug;
		};
		84E00A9C2D0B26520033CB20 /* Release */ = {
			isa = XCBuildConfiguration;
			buildSettings = {
				ALWAYS_SEARCH_USER_PATHS = NO;
				ASSETCATALOG_COMPILER_GENERATE_SWIFT_ASSET_SYMBOL_EXTENSIONS = YES;
				CLANG_ANALYZER_NONNULL = YES;
				CLANG_ANALYZER_NUMBER_OBJECT_CONVERSION = YES_AGGRESSIVE;
				CLANG_CXX_LANGUAGE_STANDARD = "gnu++20";
				CLANG_ENABLE_MODULES = YES;
				CLANG_ENABLE_OBJC_ARC = YES;
				CLANG_ENABLE_OBJC_WEAK = YES;
				CLANG_WARN_BLOCK_CAPTURE_AUTORELEASING = YES;
				CLANG_WARN_BOOL_CONVERSION = YES;
				CLANG_WARN_COMMA = YES;
				CLANG_WARN_CONSTANT_CONVERSION = YES;
				CLANG_WARN_DEPRECATED_OBJC_IMPLEMENTATIONS = YES;
				CLANG_WARN_DIRECT_OBJC_ISA_USAGE = YES_ERROR;
				CLANG_WARN_DOCUMENTATION_COMMENTS = YES;
				CLANG_WARN_EMPTY_BODY = YES;
				CLANG_WARN_ENUM_CONVERSION = YES;
				CLANG_WARN_INFINITE_RECURSION = YES;
				CLANG_WARN_INT_CONVERSION = YES;
				CLANG_WARN_NON_LITERAL_NULL_CONVERSION = YES;
				CLANG_WARN_OBJC_IMPLICIT_RETAIN_SELF = YES;
				CLANG_WARN_OBJC_LITERAL_CONVERSION = YES;
				CLANG_WARN_OBJC_ROOT_CLASS = YES_ERROR;
				CLANG_WARN_QUOTED_INCLUDE_IN_FRAMEWORK_HEADER = YES;
				CLANG_WARN_RANGE_LOOP_ANALYSIS = YES;
				CLANG_WARN_STRICT_PROTOTYPES = YES;
				CLANG_WARN_SUSPICIOUS_MOVE = YES;
				CLANG_WARN_UNGUARDED_AVAILABILITY = YES_AGGRESSIVE;
				CLANG_WARN_UNREACHABLE_CODE = YES;
				CLANG_WARN__DUPLICATE_METHOD_MATCH = YES;
				COPY_PHASE_STRIP = NO;
				DEBUG_INFORMATION_FORMAT = "dwarf-with-dsym";
				ENABLE_NS_ASSERTIONS = NO;
				ENABLE_STRICT_OBJC_MSGSEND = YES;
				ENABLE_USER_SCRIPT_SANDBOXING = YES;
				GCC_C_LANGUAGE_STANDARD = gnu17;
				GCC_NO_COMMON_BLOCKS = YES;
				GCC_WARN_64_TO_32_BIT_CONVERSION = YES;
				GCC_WARN_ABOUT_RETURN_TYPE = YES_ERROR;
				GCC_WARN_UNDECLARED_SELECTOR = YES;
				GCC_WARN_UNINITIALIZED_AUTOS = YES_AGGRESSIVE;
				GCC_WARN_UNUSED_FUNCTION = YES;
				GCC_WARN_UNUSED_VARIABLE = YES;
				LOCALIZATION_PREFERS_STRING_CATALOGS = YES;
				MACOSX_DEPLOYMENT_TARGET = 15.1;
				MTL_ENABLE_DEBUG_INFO = NO;
				MTL_FAST_MATH = YES;
				SDKROOT = macosx;
				SWIFT_COMPILATION_MODE = wholemodule;
			};
			name = Release;
		};
		84E00A9E2D0B26520033CB20 /* Debug */ = {
			isa = XCBuildConfiguration;
			buildSettings = {
				ASSETCATALOG_COMPILER_APPICON_NAME = AppIcon;
				ASSETCATALOG_COMPILER_GLOBAL_ACCENT_COLOR_NAME = AccentColor;
				CODE_SIGN_ENTITLEMENTS = something/something.entitlements;
				CODE_SIGN_STYLE = Automatic;
				COMBINE_HIDPI_IMAGES = YES;
				CURRENT_PROJECT_VERSION = 1;
				DEVELOPMENT_ASSET_PATHS = "\"something/Preview Content\"";
				ENABLE_PREVIEWS = YES;
				GENERATE_INFOPLIST_FILE = YES;
				INFOPLIST_KEY_NSHumanReadableCopyright = "";
				LD_RUNPATH_SEARCH_PATHS = (
					"$(inherited)",
					"@executable_path/../Frameworks",
				);
				MARKETING_VERSION = 1.0;
				PRODUCT_BUNDLE_IDENTIFIER = dev.something;
				PRODUCT_NAME = "$(TARGET_NAME)";
				SWIFT_EMIT_LOC_STRINGS = YES;
				SWIFT_VERSION = 5.0;
			};
			name = Debug;
		};
		84E00A9F2D0B26520033CB20 /* Release */ = {
			isa = XCBuildConfiguration;
			buildSettings = {
				ASSETCATALOG_COMPILER_APPICON_NAME = AppIcon;
				ASSETCATALOG_COMPILER_GLOBAL_ACCENT_COLOR_NAME = AccentColor;
				CODE_SIGN_ENTITLEMENTS = something/something.entitlements;
				CODE_SIGN_STYLE = Automatic;
				COMBINE_HIDPI_IMAGES = YES;
				CURRENT_PROJECT_VERSION = 1;
				DEVELOPMENT_ASSET_PATHS = "\"something/Preview Content\"";
				ENABLE_PREVIEWS = YES;
				GENERATE_INFOPLIST_FILE = YES;
				INFOPLIST_KEY_NSHumanReadableCopyright = "";
				LD_RUNPATH_SEARCH_PATHS = (
					"$(inherited)",
					"@executable_path/../Frameworks",
				);
				MARKETING_VERSION = 1.0;
				PRODUCT_BUNDLE_IDENTIFIER = dev.something;
				PRODUCT_NAME = "$(TARGET_NAME)";
				SWIFT_EMIT_LOC_STRINGS = YES;
				SWIFT_VERSION = 5.0;
			};
			name = Release;
		};
		84E00AA12D0B26520033CB20 /* Debug */ = {
			isa = XCBuildConfiguration;
			buildSettings = {
				BUNDLE_LOADER = "$(TEST_HOST)";
				CODE_SIGN_STYLE = Automatic;
				CURRENT_PROJECT_VERSION = 1;
				GENERATE_INFOPLIST_FILE = YES;
				MACOSX_DEPLOYMENT_TARGET = 15.1;
				MARKETING_VERSION = 1.0;
				PRODUCT_BUNDLE_IDENTIFIER = dev.somethingTests;
				PRODUCT_NAME = "$(TARGET_NAME)";
				SWIFT_EMIT_LOC_STRINGS = NO;
				SWIFT_VERSION = 5.0;
				TEST_HOST = "$(BUILT_PRODUCTS_DIR)/something.app/$(BUNDLE_EXECUTABLE_FOLDER_PATH)/something";
			};
			name = Debug;
		};
		84E00AA22D0B26520033CB20 /* Release */ = {
			isa = XCBuildConfiguration;
			buildSettings = {
				BUNDLE_LOADER = "$(TEST_HOST)";
				CODE_SIGN_STYLE = Automatic;
				CURRENT_PROJECT_VERSION = 1;
				GENERATE_INFOPLIST_FILE = YES;
				MACOSX_DEPLOYMENT_TARGET = 15.1;
				MARKETING_VERSION = 1.0;
				PRODUCT_BUNDLE_IDENTIFIER = dev.somethingTests;
				PRODUCT_NAME = "$(TARGET_NAME)";
				SWIFT_EMIT_LOC_STRINGS = NO;
				SWIFT_VERSION = 5.0;
				TEST_HOST = "$(BUILT_PRODUCTS_DIR)/something.app/$(BUNDLE_EXECUTABLE_FOLDER_PATH)/something";
			};
			name = Release;
		};
		84E00AA42D0B26520033CB20 /* Debug */ = {
			isa = XCBuildConfiguration;
			buildSettings = {
				CODE_SIGN_STYLE = Automatic;
				CURRENT_PROJECT_VERSION = 1;
				GENERATE_INFOPLIST_FILE = YES;
				MARKETING_VERSION = 1.0;
				PRODUCT_BUNDLE_IDENTIFIER = dev.somethingUITests;
				PRODUCT_NAME = "$(TARGET_NAME)";
				SWIFT_EMIT_LOC_STRINGS = NO;
				SWIFT_VERSION = 5.0;
				TEST_TARGET_NAME = something;
			};
			name = Debug;
		};
		84E00AA52D0B26520033CB20 /* Release */ = {
			isa = XCBuildConfiguration;
			buildSettings = {
				CODE_SIGN_STYLE = Automatic;
				CURRENT_PROJECT_VERSION = 1;
				GENERATE_INFOPLIST_FILE = YES;
				MARKETING_VERSION = 1.0;
				PRODUCT_BUNDLE_IDENTIFIER = dev.somethingUITests;
				PRODUCT_NAME = "$(TARGET_NAME)";
				SWIFT_EMIT_LOC_STRINGS = NO;
				SWIFT_VERSION = 5.0;
				TEST_TARGET_NAME = something;
			};
			name = Release;
		};
/* End XCBuildConfiguration section */

/* Begin XCConfigurationList section */
		84E00A732D0B264D0033CB20 /* Build configuration list for PBXProject "something" */ = {
			isa = XCConfigurationList;
			buildConfigurations = (
				84E00A9B2D0B26520033CB20 /* Debug */,
				84E00A9C2D0B26520033CB20 /* Release */,
			);
			defaultConfigurationIsVisible = 0;
			defaultConfigurationName = Release;
		};
		84E00A9D2D0B26520033CB20 /* Build configuration list for PBXNativeTarget "something" */ = {
			isa = XCConfigurationList;
			buildConfigurations = (
				84E00A9E2D0B26520033CB20 /* Debug */,
				84E00A9F2D0B26520033CB20 /* Release */,
			);
			defaultConfigurationIsVisible = 0;
			defaultConfigurationName = Release;
		};
		84E00AA02D0B26520033CB20 /* Build configuration list for PBXNativeTarget "somethingTests" */ = {
			isa = XCConfigurationList;
			buildConfigurations = (
				84E00AA12D0B26520033CB20 /* Debug */,
				84E00AA22D0B26520033CB20 /* Release */,
			);
			defaultConfigurationIsVisible = 0;
			defaultConfigurationName = Release;
		};
		84E00AA32D0B26520033CB20 /* Build configuration list for PBXNativeTarget "somethingUITests" */ = {
			isa = XCConfigurationList;
			buildConfigurations = (
				84E00AA42D0B26520033CB20 /* Debug */,
				84E00AA52D0B26520033CB20 /* Release */,
			);
			defaultConfigurationIsVisible = 0;
			defaultConfigurationName = Release;
		};
/* End XCConfigurationList section */
	};
	rootObject = 84E00A702D0B264D0033CB20 /* Project object */;
}
